
Microsoft Visual Studio Solution File, Format Version 12.00
# Visual Studio 15
VisualStudioVersion = 15.0.28307.106
MinimumVisualStudioVersion = 10.0.40219.1
Project("{FAE04EC0-301F-11D3-BF4B-00C04F79EFBC}") = "DesafioPratico1", "DesafioPratico1\DesafioPratico1.csproj", "{DBFD195C-2222-4F7D-BF93-3077B492928C}"
EndProject
Project("{FAE04EC0-301F-11D3-BF4B-00C04F79EFBC}") = "Domain", "Domain\Domain.csproj", "{9CE6153C-D20E-4476-80AD-EA1143CFA452}"
EndProject
Project("{FAE04EC0-301F-11D3-BF4B-00C04F79EFBC}") = "DomainTests", "DomainTests\DomainTests.csproj", "{A18C5F01-E96A-4E8B-8E4A-42DB582AEBE2}"
EndProject
Global
	GlobalSection(SolutionConfigurationPlatforms) = preSolution
		Debug|Any CPU = Debug|Any CPU
		Release|Any CPU = Release|Any CPU
	EndGlobalSection
	GlobalSection(ProjectConfigurationPlatforms) = postSolution
		{DBFD195C-2222-4F7D-BF93-3077B492928C}.Debug|Any CPU.ActiveCfg = Debug|Any CPU
		{DBFD195C-2222-4F7D-BF93-3077B492928C}.Debug|Any CPU.Build.0 = Debug|Any CPU
		{DBFD195C-2222-4F7D-BF93-3077B492928C}.Release|Any CPU.ActiveCfg = Release|Any CPU
		{DBFD195C-2222-4F7D-BF93-3077B492928C}.Release|Any CPU.Build.0 = Release|Any CPU
		{9CE6153C-D20E-4476-80AD-EA1143CFA452}.Debug|Any CPU.ActiveCfg = Debug|Any CPU
		{9CE6153C-D20E-4476-80AD-EA1143CFA452}.Debug|Any CPU.Build.0 = Debug|Any CPU
		{9CE6153C-D20E-4476-80AD-EA1143CFA452}.Release|Any CPU.ActiveCfg = Release|Any CPU
		{9CE6153C-D20E-4476-80AD-EA1143CFA452}.Release|Any CPU.Build.0 = Release|Any CPU
		{A18C5F01-E96A-4E8B-8E4A-42DB582AEBE2}.Debug|Any CPU.ActiveCfg = Debug|Any CPU
		{A18C5F01-E96A-4E8B-8E4A-42DB582AEBE2}.Debug|Any CPU.Build.0 = Debug|Any CPU
		{A18C5F01-E96A-4E8B-8E4A-42DB582AEBE2}.Release|Any CPU.ActiveCfg = Release|Any CPU
		{A18C5F01-E96A-4E8B-8E4A-42DB582AEBE2}.Release|Any CPU.Build.0 = Release|Any CPU
	EndGlobalSection
	GlobalSection(SolutionProperties) = preSolution
		HideSolutionNode = FALSE
	EndGlobalSection
	GlobalSection(ExtensibilityGlobals) = postSolution
		SolutionGuid = {E2592F30-6675-4EC0-A30A-E93888090C4C}
	EndGlobalSection
EndGlobal
